
Microsoft Visual Studio Solution File, Format Version 12.00
# Visual Studio Version 17
VisualStudioVersion = 17.8.34511.84
MinimumVisualStudioVersion = 10.0.40219.1
Project("{FAE04EC0-301F-11D3-BF4B-00C04F79EFBC}") = "Supplier_FunctionApp", "Supplier_FunctionApp\Supplier_FunctionApp.csproj", "{C35DD963-3471-4EB4-AED9-7A0C271738E7}"
EndProject
Global
	GlobalSection(SolutionConfigurationPlatforms) = preSolution
		Debug|Any CPU = Debug|Any CPU
		Release|Any CPU = Release|Any CPU
	EndGlobalSection
	GlobalSection(ProjectConfigurationPlatforms) = postSolution
		{C35DD963-3471-4EB4-AED9-7A0C271738E7}.Debug|Any CPU.ActiveCfg = Debug|Any CPU
		{C35DD963-3471-4EB4-AED9-7A0C271738E7}.Debug|Any CPU.Build.0 = Debug|Any CPU
		{C35DD963-3471-4EB4-AED9-7A0C271738E7}.Release|Any CPU.ActiveCfg = Release|Any CPU
		{C35DD963-3471-4EB4-AED9-7A0C271738E7}.Release|Any CPU.Build.0 = Release|Any CPU
	EndGlobalSection
	GlobalSection(SolutionProperties) = preSolution
		HideSolutionNode = FALSE
	EndGlobalSection
	GlobalSection(ExtensibilityGlobals) = postSolution
		SolutionGuid = {BBE9FF9F-4CCA-4E18-80C8-E337DBFD8A0E}
	EndGlobalSection
EndGlobal
